{
  "version": "2",
  "remote": {
    "https://cdn.skypack.dev/-/http-cache-semantics@v4.1.0-5IkAyzxageW9utYlM9Kq/dist=es2019,mode=imports/optimized/http-cache-semantics.js": "abb90d8731ed016549017a010e198e5075e5ca5308bfe429b7acaa07c3fe7200",
    "https://cdn.skypack.dev/-/http-cache-semantics@v4.1.0-5IkAyzxageW9utYlM9Kq/dist=es2019,mode=types/index.d.ts": "0bf440ab914e79e890cb15e5ffacb5e18bec678338b3eab069a5829d3d5c96e3",
    "https://cdn.skypack.dev/-/tweetnacl@v1.0.3-G4yM3nQ8lnXXlGGQADqJ/dist=es2019,mode=imports/optimized/tweetnacl.js": "d26554516df57e5cb58954e90c633c8871b4e66016b9fe4e07a36db5430bc8c7",
    "https://cdn.skypack.dev/-/tweetnacl@v1.0.3-G4yM3nQ8lnXXlGGQADqJ/dist=es2019,mode=types/nacl.d.ts": "60592f5ae1b739c9607a99895d4a3ad5c865b16903e4180e50b256e360a4a104",
    "https://cdn.skypack.dev/http-cache-semantics?dts": "dc31b1d6078daceb7667ec025de2206541c4f1c8fe480836bbaf9f8f666f9880",
    "https://cdn.skypack.dev/tweetnacl@v1.0.3?dts": "6610aad2ac175c2d575995fc7de8ed552c2e5e05aef80ed8588cf3c6e2db61d7",
    "https://deno.land/std@0.100.0/http/http_status.ts": "ebaa9bebfb8adc3d7b20c49e11037e4eefd79629ad80d81383933f4cdc91b3eb",
    "https://deno.land/std@0.107.0/_util/assert.ts": "2f868145a042a11d5ad0a3c748dcf580add8a0dbc0e876eaa0026303a5488f58",
    "https://deno.land/std@0.107.0/_util/os.ts": "dfb186cc4e968c770ab6cc3288bd65f4871be03b93beecae57d657232ecffcac",
    "https://deno.land/std@0.107.0/path/_constants.ts": "1247fee4a79b70c89f23499691ef169b41b6ccf01887a0abd131009c5581b853",
    "https://deno.land/std@0.107.0/path/_interface.ts": "1fa73b02aaa24867e481a48492b44f2598cd9dfa513c7b34001437007d3642e4",
    "https://deno.land/std@0.107.0/path/_util.ts": "2e06a3b9e79beaf62687196bd4b60a4c391d862cfa007a20fc3a39f778ba073b",
    "https://deno.land/std@0.107.0/path/common.ts": "f41a38a0719a1e85aa11c6ba3bea5e37c15dd009d705bd8873f94c833568cbc4",
    "https://deno.land/std@0.107.0/path/glob.ts": "46708a3249cb5dc4a116cae3055114d6339bd5f0c1f412db6a4e0cb44c828a7d",
    "https://deno.land/std@0.107.0/path/mod.ts": "4465dc494f271b02569edbb4a18d727063b5dbd6ed84283ff906260970a15d12",
    "https://deno.land/std@0.107.0/path/posix.ts": "34349174b9cd121625a2810837a82dd8b986bbaaad5ade690d1de75bbb4555b2",
    "https://deno.land/std@0.107.0/path/separator.ts": "8fdcf289b1b76fd726a508f57d3370ca029ae6976fcde5044007f062e643ff1c",
    "https://deno.land/std@0.107.0/path/win32.ts": "2edb2f71f10578ee1168de01a8cbd3c65483e45a46bc2fa3156a0c6bfbd2720d",
    "https://deno.land/std@0.111.0/async/deadline.ts": "1d6ac7aeaee22f75eb86e4e105d6161118aad7b41ae2dd14f4cfd3bf97472b93",
    "https://deno.land/std@0.111.0/async/debounce.ts": "b2f693e4baa16b62793fd618de6c003b63228db50ecfe3bd51fc5f6dc0bc264b",
    "https://deno.land/std@0.111.0/async/deferred.ts": "ab60d46ba561abb3b13c0c8085d05797a384b9f182935f051dc67136817acdee",
    "https://deno.land/std@0.111.0/async/delay.ts": "f2d8ccaa8ebc26594bd8b0989edfd8a96257a714c1dee2fb54d986e5bdd840ac",
    "https://deno.land/std@0.111.0/async/mod.ts": "78425176fabea7bd1046ce3819fd69ce40da85c83e0f174d17e8e224a91f7d10",
    "https://deno.land/std@0.111.0/async/mux_async_iterator.ts": "62abff3af9ff619e8f2adc96fc70d4ca020fa48a50c23c13f12d02ed2b760dbe",
    "https://deno.land/std@0.111.0/async/pool.ts": "353ce4f91865da203a097aa6f33de8966340c91b6f4a055611c8c5d534afd12f",
    "https://deno.land/std@0.111.0/async/tee.ts": "63811ea47268825db2b15e973dc5c37bab37b749ffa00d2b7bbb6c6f568412cb",
    "https://deno.land/std@0.111.0/http/server.ts": "baef2843f29c4d7bab602a40678ffa010c5674ea68b4971b221ad9a7913c36a6",
    "https://deno.land/x/httpcache@0.1.2/in_memory.ts": "9f7d2d1600f64934c45493bf300475f3edef8ca540da60f308bda32d30de849e",
    "https://deno.land/x/httpcache@0.1.2/mod.ts": "1247683a7e4f573759afb47709b2b5cd954986cfc4882ed7cc3a21b0e959be58",
    "https://deno.land/x/lru@1.0.2/mod.ts": "1d44b87c4d40ff33749ae5fd85fe234344e0dace835fdfeb48413edea9461159",
    "https://deno.land/x/media_types@v2.10.2/db.ts": "d5ecfa410b570874a648aa12bac90d9c6704dc75f1e8c03b8cac97dd02b003ce",
    "https://deno.land/x/media_types@v2.10.2/deps.ts": "adc4e59af148fe5a49087932536cdf24a7027daa16498c2983124e3ec4d90c20",
    "https://deno.land/x/media_types@v2.10.2/mod.ts": "d63583b978d32eff8b76e1ae5d83cba2fb27baa90cc1bcb0ad15a06122ea8c19",
    "https://deno.land/x/sift@0.4.2/mod.ts": "a51c485582fe2c983bdea2c40f8d05b69ee168644662d0da9b9b5f034994a424",
    "https://x.lcas.dev/preact@10.5.12/jsx.d.ts": "55e7b86443e17edf4252c12fc8114678c733f8831a81b622d49097f28b0be98b",
    "https://x.lcas.dev/preact@10.5.12/mod.d.ts": "1b7da14b252cc408c27429d0b8dfad08eac125daa054507b58435c4390dc7c99",
    "https://x.lcas.dev/preact@10.5.12/mod.js": "62eb264b333369c5c3f5186fc97964c1787f9352d52decfde9c50084add3a86f",
    "https://x.lcas.dev/preact@10.5.12/ssr.d.ts": "969fee1e06346d80d97414ffa0a49a13c0672462324a7f5e2e335662097ed595",
    "https://x.lcas.dev/preact@10.5.12/ssr.js": "17b5eebfac9321092cee4a6fcbf9a88885936824eadf2c1c16b297cb829721e1"
  }
}
